
Microsoft Visual Studio Solution File, Format Version 12.00
# Visual Studio Version 16
VisualStudioVersion = 16.0.30114.105
MinimumVisualStudioVersion = 10.0.40219.1
Project("{FAE04EC0-301F-11D3-BF4B-00C04F79EFBC}") = "Tarea_operaciones", "Tarea_operaciones\Tarea_operaciones.csproj", "{527BD3CD-B3CA-42A1-B02F-5A611054A99A}"
EndProject
Project("{FAE04EC0-301F-11D3-BF4B-00C04F79EFBC}") = "operaciones_Windows", "operaciones_Windows\operaciones_Windows.csproj", "{1577C465-C82E-4931-B04D-8664E7E21E14}"
EndProject
Global
	GlobalSection(SolutionConfigurationPlatforms) = preSolution
		Debug|Any CPU = Debug|Any CPU
		Release|Any CPU = Release|Any CPU
	EndGlobalSection
	GlobalSection(ProjectConfigurationPlatforms) = postSolution
		{527BD3CD-B3CA-42A1-B02F-5A611054A99A}.Debug|Any CPU.ActiveCfg = Debug|Any CPU
		{527BD3CD-B3CA-42A1-B02F-5A611054A99A}.Debug|Any CPU.Build.0 = Debug|Any CPU
		{527BD3CD-B3CA-42A1-B02F-5A611054A99A}.Release|Any CPU.ActiveCfg = Release|Any CPU
		{527BD3CD-B3CA-42A1-B02F-5A611054A99A}.Release|Any CPU.Build.0 = Release|Any CPU
		{1577C465-C82E-4931-B04D-8664E7E21E14}.Debug|Any CPU.ActiveCfg = Debug|Any CPU
		{1577C465-C82E-4931-B04D-8664E7E21E14}.Debug|Any CPU.Build.0 = Debug|Any CPU
		{1577C465-C82E-4931-B04D-8664E7E21E14}.Release|Any CPU.ActiveCfg = Release|Any CPU
		{1577C465-C82E-4931-B04D-8664E7E21E14}.Release|Any CPU.Build.0 = Release|Any CPU
	EndGlobalSection
	GlobalSection(SolutionProperties) = preSolution
		HideSolutionNode = FALSE
	EndGlobalSection
	GlobalSection(ExtensibilityGlobals) = postSolution
		SolutionGuid = {4B183F4E-E4B6-47FB-97CA-E9E18D0A5614}
	EndGlobalSection
EndGlobal
